{
  "originHash" : "4e1583e54cb183cbea514c2ab636822a32de3d9e1d517feca3d88bc3fe671542",
  "pins" : [
    {
      "identity" : "drjitcore",
      "kind" : "remoteSourceControl",
      "location" : "https://github.com/SinanKarasu/DrJitCore.git",
      "state" : {
        "revision" : "f5bc6addcac6b173c3fa4985fce2b558c624ef0f",
        "version" : "1.0.0"
      }
    },
    {
      "identity" : "lisppadcore",
      "kind" : "remoteSourceControl",
      "location" : "https://github.com/SinanKarasu/LispPadCore.git",
      "state" : {
        "revision" : "164be7741269658216c563fb5541cd20cb4752fd",
        "version" : "1.0.0"
      }
    },
    {
      "identity" : "antlr4",
      "kind" : "remoteSourceControl",
      "location" : "https://github.com/antlr/antlr4.git",
      "state" : {
        "revision" : "cc82115a4e7f53d71d9d905caa2c2dfa4da58899",
        "version" : "4.13.2"
      }
    },
    {
      "identity" : "manifoldcore",
      "kind" : "remoteSourceControl",
      "location" : "https://github.com/SinanKarasu/ManifoldCore.git",
      "state" : {
        "revision" : "c5bd27cb5ed16d04b6dae356f5ab09407b611723",
        "version" : "1.0.0"
      }
    },
    {
      "identity" : "tektonparsers",
      "kind" : "remoteSourceControl",
      "location" : "https://github.com/SinanKarasu/TektonParsers.git",
      "state" : {
        "revision" : "1a838dc33ed9449297efae7bd3e138c894db0728",
        "version" : "1.0.0"
      }
    }
  ],
  "version" : 3
}
