// !$*UTF8*$!
{
	archiveVersion = 1;
	classes = {
	};
	objectVersion = 77;
	objects = {

/* Begin PBXBuildFile section */
		B10000000000000000000001 /* LispPadCore in Frameworks */ = {isa = PBXBuildFile; productRef = B40000000000000000000001 /* LispPadCore */; };
		B10000000000000000000002 /* ManifoldKit in Frameworks */ = {isa = PBXBuildFile; productRef = B40000000000000000000002 /* ManifoldKit */; };
		B10000000000000000000003 /* TektonParsers in Frameworks */ = {isa = PBXBuildFile; productRef = B40000000000000000000003 /* TektonParsers */; };
		B10000000000000000000004 /* CPPSymEngine in Frameworks */ = {isa = PBXBuildFile; productRef = B40000000000000000000004 /* CPPSymEngine */; };
/* End PBXBuildFile section */

/* Begin PBXContainerItemProxy section */
		F71EBAB42F7B181300FDC9C2 /* PBXContainerItemProxy */ = {
			isa = PBXContainerItemProxy;
			containerPortal = F71EBA9E2F7B181100FDC9C2 /* Project object */;
			proxyType = 1;
			remoteGlobalIDString = F71EBAA52F7B181200FDC9C2;
			remoteInfo = MorphoVu;
		};
		F71EBABE2F7B181300FDC9C2 /* PBXContainerItemProxy */ = {
			isa = PBXContainerItemProxy;
			containerPortal = F71EBA9E2F7B181100FDC9C2 /* Project object */;
			proxyType = 1;
			remoteGlobalIDString = F71EBAA52F7B181200FDC9C2;
			remoteInfo = MorphoVu;
		};
/* End PBXContainerItemProxy section */

/* Begin PBXFileReference section */
		F71EBAA62F7B181200FDC9C2 /* MorphoVu.app */ = {isa = PBXFileReference; explicitFileType = wrapper.application; includeInIndex = 0; path = MorphoVu.app; sourceTree = BUILT_PRODUCTS_DIR; };
		F71EBAB32F7B181300FDC9C2 /* MorphoVuTests.xctest */ = {isa = PBXFileReference; explicitFileType = wrapper.cfbundle; includeInIndex = 0; path = MorphoVuTests.xctest; sourceTree = BUILT_PRODUCTS_DIR; };
		F71EBABD2F7B181300FDC9C2 /* MorphoVuUITests.xctest */ = {isa = PBXFileReference; explicitFileType = wrapper.cfbundle; includeInIndex = 0; path = MorphoVuUITests.xctest; sourceTree = BUILT_PRODUCTS_DIR; };
/* End PBXFileReference section */

/* Begin PBXFileSystemSynchronizedRootGroup section */
		F71EBAA82F7B181200FDC9C2 /* MorphoVu */ = {
			isa = PBXFileSystemSynchronizedRootGroup;
			path = MorphoVu;
			sourceTree = "<group>";
		};
		F71EBAB62F7B181300FDC9C2 /* MorphoVuTests */ = {
			isa = PBXFileSystemSynchronizedRootGroup;
			path = MorphoVuTests;
			sourceTree = "<group>";
		};
		F71EBAC02F7B181300FDC9C2 /* MorphoVuUITests */ = {
			isa = PBXFileSystemSynchronizedRootGroup;
			path = MorphoVuUITests;
			sourceTree = "<group>";
		};
/* End PBXFileSystemSynchronizedRootGroup section */

/* Begin PBXFrameworksBuildPhase section */
		F71EBAA32F7B181200FDC9C2 /* Frameworks */ = {
			isa = PBXFrameworksBuildPhase;
			buildActionMask = 2147483647;
			files = (
				B10000000000000000000004 /* CPPSymEngine in Frameworks */,
				B10000000000000000000001 /* LispPadCore in Frameworks */,
				B10000000000000000000002 /* ManifoldKit in Frameworks */,
				B10000000000000000000003 /* TektonParsers in Frameworks */,
			);
			runOnlyForDeploymentPostprocessing = 0;
		};
		F71EBAB02F7B181300FDC9C2 /* Frameworks */ = {
			isa = PBXFrameworksBuildPhase;
			buildActionMask = 2147483647;
			files = (
			);
			runOnlyForDeploymentPostprocessing = 0;
		};
		F71EBABA2F7B181300FDC9C2 /* Frameworks */ = {
			isa = PBXFrameworksBuildPhase;
			buildActionMask = 2147483647;
			files = (
			);
			runOnlyForDeploymentPostprocessing = 0;
		};
/* End PBXFrameworksBuildPhase section */

/* Begin PBXGroup section */
		F71EBA9D2F7B181100FDC9C2 = {
			isa = PBXGroup;
			children = (
				F71EBAA82F7B181200FDC9C2 /* MorphoVu */,
				F71EBAB62F7B181300FDC9C2 /* MorphoVuTests */,
				F71EBAC02F7B181300FDC9C2 /* MorphoVuUITests */,
				F71EBAA72F7B181200FDC9C2 /* Products */,
			);
			sourceTree = "<group>";
		};
		F71EBAA72F7B181200FDC9C2 /* Products */ = {
			isa = PBXGroup;
			children = (
				F71EBAA62F7B181200FDC9C2 /* MorphoVu.app */,
				F71EBAB32F7B181300FDC9C2 /* MorphoVuTests.xctest */,
				F71EBABD2F7B181300FDC9C2 /* MorphoVuUITests.xctest */,
			);
			name = Products;
			sourceTree = "<group>";
		};
/* End PBXGroup section */

/* Begin PBXNativeTarget section */
		F71EBAA52F7B181200FDC9C2 /* MorphoVu */ = {
			isa = PBXNativeTarget;
			buildConfigurationList = F71EBAC72F7B181300FDC9C2 /* Build configuration list for PBXNativeTarget "MorphoVu" */;
			buildPhases = (
				F71EBAA22F7B181200FDC9C2 /* Sources */,
				F71EBAA32F7B181200FDC9C2 /* Frameworks */,
				F71EBAA42F7B181200FDC9C2 /* Resources */,
				B50000000000000000000001 /* Sync PyDE Python Support */,
			);
			buildRules = (
			);
			dependencies = (
			);
			fileSystemSynchronizedGroups = (
				F71EBAA82F7B181200FDC9C2 /* MorphoVu */,
			);
			name = MorphoVu;
			packageProductDependencies = (
				B40000000000000000000004 /* CPPSymEngine */,
				B40000000000000000000001 /* LispPadCore */,
				B40000000000000000000002 /* ManifoldKit */,
				B40000000000000000000003 /* TektonParsers */,
			);
			productName = MorphoVu;
			productReference = F71EBAA62F7B181200FDC9C2 /* MorphoVu.app */;
			productType = "com.apple.product-type.application";
		};
		F71EBAB22F7B181300FDC9C2 /* MorphoVuTests */ = {
			isa = PBXNativeTarget;
			buildConfigurationList = F71EBACA2F7B181300FDC9C2 /* Build configuration list for PBXNativeTarget "MorphoVuTests" */;
			buildPhases = (
				F71EBAAF2F7B181300FDC9C2 /* Sources */,
				F71EBAB02F7B181300FDC9C2 /* Frameworks */,
				F71EBAB12F7B181300FDC9C2 /* Resources */,
			);
			buildRules = (
			);
			dependencies = (
				F71EBAB52F7B181300FDC9C2 /* PBXTargetDependency */,
			);
			fileSystemSynchronizedGroups = (
				F71EBAB62F7B181300FDC9C2 /* MorphoVuTests */,
			);
			name = MorphoVuTests;
			packageProductDependencies = (
			);
			productName = MorphoVuTests;
			productReference = F71EBAB32F7B181300FDC9C2 /* MorphoVuTests.xctest */;
			productType = "com.apple.product-type.bundle.unit-test";
		};
		F71EBABC2F7B181300FDC9C2 /* MorphoVuUITests */ = {
			isa = PBXNativeTarget;
			buildConfigurationList = F71EBACD2F7B181300FDC9C2 /* Build configuration list for PBXNativeTarget "MorphoVuUITests" */;
			buildPhases = (
				F71EBAB92F7B181300FDC9C2 /* Sources */,
				F71EBABA2F7B181300FDC9C2 /* Frameworks */,
				F71EBABB2F7B181300FDC9C2 /* Resources */,
			);
			buildRules = (
			);
			dependencies = (
				F71EBABF2F7B181300FDC9C2 /* PBXTargetDependency */,
			);
			fileSystemSynchronizedGroups = (
				F71EBAC02F7B181300FDC9C2 /* MorphoVuUITests */,
			);
			name = MorphoVuUITests;
			packageProductDependencies = (
			);
			productName = MorphoVuUITests;
			productReference = F71EBABD2F7B181300FDC9C2 /* MorphoVuUITests.xctest */;
			productType = "com.apple.product-type.bundle.ui-testing";
		};
/* End PBXNativeTarget section */

/* Begin PBXProject section */
		F71EBA9E2F7B181100FDC9C2 /* Project object */ = {
			isa = PBXProject;
			attributes = {
				BuildIndependentTargetsInParallel = 1;
				LastSwiftUpdateCheck = 2640;
				LastUpgradeCheck = 2640;
				TargetAttributes = {
					F71EBAA52F7B181200FDC9C2 = {
						CreatedOnToolsVersion = 26.4;
					};
					F71EBAB22F7B181300FDC9C2 = {
						CreatedOnToolsVersion = 26.4;
						TestTargetID = F71EBAA52F7B181200FDC9C2;
					};
					F71EBABC2F7B181300FDC9C2 = {
						CreatedOnToolsVersion = 26.4;
						TestTargetID = F71EBAA52F7B181200FDC9C2;
					};
				};
			};
			buildConfigurationList = F71EBAA12F7B181100FDC9C2 /* Build configuration list for PBXProject "MorphoVu" */;
			developmentRegion = en;
			hasScannedForEncodings = 0;
			knownRegions = (
				en,
				Base,
			);
			mainGroup = F71EBA9D2F7B181100FDC9C2;
			minimizedProjectReferenceProxies = 1;
			packageReferences = (
				B30000000000000000000004 /* XCLocalSwiftPackageReference "../../Packages/CPPSymEngine" */,
				B30000000000000000000001 /* XCLocalSwiftPackageReference "../../Packages/LispPadCore" */,
				B30000000000000000000002 /* XCLocalSwiftPackageReference "../../Packages/ManifoldCore" */,
				B30000000000000000000003 /* XCLocalSwiftPackageReference "../../Packages/TektonParsers" */,
			);
			preferredProjectObjectVersion = 77;
			productRefGroup = F71EBAA72F7B181200FDC9C2 /* Products */;
			projectDirPath = "";
			projectRoot = "";
			targets = (
				F71EBAA52F7B181200FDC9C2 /* MorphoVu */,
				F71EBAB22F7B181300FDC9C2 /* MorphoVuTests */,
				F71EBABC2F7B181300FDC9C2 /* MorphoVuUITests */,
			);
		};
/* End PBXProject section */

/* Begin PBXResourcesBuildPhase section */
		F71EBAA42F7B181200FDC9C2 /* Resources */ = {
			isa = PBXResourcesBuildPhase;
			buildActionMask = 2147483647;
			files = (
			);
			runOnlyForDeploymentPostprocessing = 0;
		};
		F71EBAB12F7B181300FDC9C2 /* Resources */ = {
			isa = PBXResourcesBuildPhase;
			buildActionMask = 2147483647;
			files = (
			);
			runOnlyForDeploymentPostprocessing = 0;
		};
		F71EBABB2F7B181300FDC9C2 /* Resources */ = {
			isa = PBXResourcesBuildPhase;
			buildActionMask = 2147483647;
			files = (
			);
			runOnlyForDeploymentPostprocessing = 0;
		};
/* End PBXResourcesBuildPhase section */

/* Begin PBXShellScriptBuildPhase section */
		B50000000000000000000001 /* Sync PyDE Python Support */ = {
			isa = PBXShellScriptBuildPhase;
			buildActionMask = 2147483647;
			files = (
			);
			inputPaths = (
				"$(SRCROOT)/../../_Experiments/SwiftPython/PyDE-master/app",
				"$(SRCROOT)/../../_Experiments/SwiftPython/PyDE-master/app_packages",
			);
			name = "Sync PyDE Python Support";
			outputPaths = (
				"$(TARGET_BUILD_DIR)/$(UNLOCALIZED_RESOURCES_FOLDER_PATH)/app",
				"$(TARGET_BUILD_DIR)/$(UNLOCALIZED_RESOURCES_FOLDER_PATH)/app_packages",
			);
			runOnlyForDeploymentPostprocessing = 0;
			shellPath = /bin/sh;
			shellScript = "set -eu\nPYDE_ROOT=\"${SRCROOT}/../../_Experiments/SwiftPython/PyDE-master\"\nDEST=\"${TARGET_BUILD_DIR}/${UNLOCALIZED_RESOURCES_FOLDER_PATH}\"\nif [ ! -d \"${PYDE_ROOT}\" ]; then\n    echo \"warning: PyDE root not found at ${PYDE_ROOT}; skipping Python support sync\"\n    exit 0\nfi\nmkdir -p \"${DEST}\"\nfor name in app app_packages; do\n    SRC=\"${PYDE_ROOT}/${name}\"\n    if [ -d \"${SRC}\" ]; then\n        rm -rf \"${DEST}/${name}\"\n        /usr/bin/ditto \"${SRC}\" \"${DEST}/${name}\"\n    fi\ndone\n";
		};
/* End PBXShellScriptBuildPhase section */

/* Begin PBXSourcesBuildPhase section */
		F71EBAA22F7B181200FDC9C2 /* Sources */ = {
			isa = PBXSourcesBuildPhase;
			buildActionMask = 2147483647;
			files = (
			);
			runOnlyForDeploymentPostprocessing = 0;
		};
		F71EBAAF2F7B181300FDC9C2 /* Sources */ = {
			isa = PBXSourcesBuildPhase;
			buildActionMask = 2147483647;
			files = (
			);
			runOnlyForDeploymentPostprocessing = 0;
		};
		F71EBAB92F7B181300FDC9C2 /* Sources */ = {
			isa = PBXSourcesBuildPhase;
			buildActionMask = 2147483647;
			files = (
			);
			runOnlyForDeploymentPostprocessing = 0;
		};
/* End PBXSourcesBuildPhase section */

/* Begin PBXTargetDependency section */
		F71EBAB52F7B181300FDC9C2 /* PBXTargetDependency */ = {
			isa = PBXTargetDependency;
			target = F71EBAA52F7B181200FDC9C2 /* MorphoVu */;
			targetProxy = F71EBAB42F7B181300FDC9C2 /* PBXContainerItemProxy */;
		};
		F71EBABF2F7B181300FDC9C2 /* PBXTargetDependency */ = {
			isa = PBXTargetDependency;
			target = F71EBAA52F7B181200FDC9C2 /* MorphoVu */;
			targetProxy = F71EBABE2F7B181300FDC9C2 /* PBXContainerItemProxy */;
		};
/* End PBXTargetDependency section */

/* Begin XCBuildConfiguration section */
		F71EBAC52F7B181300FDC9C2 /* Debug */ = {
			isa = XCBuildConfiguration;
			buildSettings = {
				ALWAYS_SEARCH_USER_PATHS = NO;
				ASSETCATALOG_COMPILER_GENERATE_SWIFT_ASSET_SYMBOL_EXTENSIONS = YES;
				CLANG_ANALYZER_NONNULL = YES;
				CLANG_ANALYZER_NUMBER_OBJECT_CONVERSION = YES_AGGRESSIVE;
				CLANG_CXX_LANGUAGE_STANDARD = "gnu++20";
				CLANG_ENABLE_MODULES = YES;
				CLANG_ENABLE_OBJC_ARC = YES;
				CLANG_ENABLE_OBJC_WEAK = YES;
				CLANG_WARN_BLOCK_CAPTURE_AUTORELEASING = YES;
				CLANG_WARN_BOOL_CONVERSION = YES;
				CLANG_WARN_COMMA = YES;
				CLANG_WARN_CONSTANT_CONVERSION = YES;
				CLANG_WARN_DEPRECATED_OBJC_IMPLEMENTATIONS = YES;
				CLANG_WARN_DIRECT_OBJC_ISA_USAGE = YES_ERROR;
				CLANG_WARN_DOCUMENTATION_COMMENTS = YES;
				CLANG_WARN_EMPTY_BODY = YES;
				CLANG_WARN_ENUM_CONVERSION = YES;
				CLANG_WARN_INFINITE_RECURSION = YES;
				CLANG_WARN_INT_CONVERSION = YES;
				CLANG_WARN_NON_LITERAL_NULL_CONVERSION = YES;
				CLANG_WARN_OBJC_IMPLICIT_RETAIN_SELF = YES;
				CLANG_WARN_OBJC_LITERAL_CONVERSION = YES;
				CLANG_WARN_OBJC_ROOT_CLASS = YES_ERROR;
				CLANG_WARN_QUOTED_INCLUDE_IN_FRAMEWORK_HEADER = YES;
				CLANG_WARN_RANGE_LOOP_ANALYSIS = YES;
				CLANG_WARN_STRICT_PROTOTYPES = YES;
				CLANG_WARN_SUSPICIOUS_MOVE = YES;
				CLANG_WARN_UNGUARDED_AVAILABILITY = YES_AGGRESSIVE;
				CLANG_WARN_UNREACHABLE_CODE = YES;
				CLANG_WARN__DUPLICATE_METHOD_MATCH = YES;
				COPY_PHASE_STRIP = NO;
				DEBUG_INFORMATION_FORMAT = dwarf;
				DEVELOPMENT_TEAM = 4HVP45GV3U;
				ENABLE_STRICT_OBJC_MSGSEND = YES;
				ENABLE_TESTABILITY = YES;
				ENABLE_USER_SCRIPT_SANDBOXING = YES;
				GCC_C_LANGUAGE_STANDARD = gnu17;
				GCC_DYNAMIC_NO_PIC = NO;
				GCC_NO_COMMON_BLOCKS = YES;
				GCC_OPTIMIZATION_LEVEL = 0;
				GCC_PREPROCESSOR_DEFINITIONS = (
					"DEBUG=1",
					"$(inherited)",
				);
				GCC_WARN_64_TO_32_BIT_CONVERSION = YES;
				GCC_WARN_ABOUT_RETURN_TYPE = YES_ERROR;
				GCC_WARN_UNDECLARED_SELECTOR = YES;
				GCC_WARN_UNINITIALIZED_AUTOS = YES_AGGRESSIVE;
				GCC_WARN_UNUSED_FUNCTION = YES;
				GCC_WARN_UNUSED_VARIABLE = YES;
				LOCALIZATION_PREFERS_STRING_CATALOGS = YES;
				MTL_ENABLE_DEBUG_INFO = INCLUDE_SOURCE;
				MTL_FAST_MATH = YES;
				ONLY_ACTIVE_ARCH = YES;
				SWIFT_ACTIVE_COMPILATION_CONDITIONS = "DEBUG $(inherited)";
				SWIFT_OPTIMIZATION_LEVEL = "-Onone";
			};
			name = Debug;
		};
		F71EBAC62F7B181300FDC9C2 /* Release */ = {
			isa = XCBuildConfiguration;
			buildSettings = {
				ALWAYS_SEARCH_USER_PATHS = NO;
				ASSETCATALOG_COMPILER_GENERATE_SWIFT_ASSET_SYMBOL_EXTENSIONS = YES;
				CLANG_ANALYZER_NONNULL = YES;
				CLANG_ANALYZER_NUMBER_OBJECT_CONVERSION = YES_AGGRESSIVE;
				CLANG_CXX_LANGUAGE_STANDARD = "gnu++20";
				CLANG_ENABLE_MODULES = YES;
				CLANG_ENABLE_OBJC_ARC = YES;
				CLANG_ENABLE_OBJC_WEAK = YES;
				CLANG_WARN_BLOCK_CAPTURE_AUTORELEASING = YES;
				CLANG_WARN_BOOL_CONVERSION = YES;
				CLANG_WARN_COMMA = YES;
				CLANG_WARN_CONSTANT_CONVERSION = YES;
				CLANG_WARN_DEPRECATED_OBJC_IMPLEMENTATIONS = YES;
				CLANG_WARN_DIRECT_OBJC_ISA_USAGE = YES_ERROR;
				CLANG_WARN_DOCUMENTATION_COMMENTS = YES;
				CLANG_WARN_EMPTY_BODY = YES;
				CLANG_WARN_ENUM_CONVERSION = YES;
				CLANG_WARN_INFINITE_RECURSION = YES;
				CLANG_WARN_INT_CONVERSION = YES;
				CLANG_WARN_NON_LITERAL_NULL_CONVERSION = YES;
				CLANG_WARN_OBJC_IMPLICIT_RETAIN_SELF = YES;
				CLANG_WARN_OBJC_LITERAL_CONVERSION = YES;
				CLANG_WARN_OBJC_ROOT_CLASS = YES_ERROR;
				CLANG_WARN_QUOTED_INCLUDE_IN_FRAMEWORK_HEADER = YES;
				CLANG_WARN_RANGE_LOOP_ANALYSIS = YES;
				CLANG_WARN_STRICT_PROTOTYPES = YES;
				CLANG_WARN_SUSPICIOUS_MOVE = YES;
				CLANG_WARN_UNGUARDED_AVAILABILITY = YES_AGGRESSIVE;
				CLANG_WARN_UNREACHABLE_CODE = YES;
				CLANG_WARN__DUPLICATE_METHOD_MATCH = YES;
				COPY_PHASE_STRIP = NO;
				DEBUG_INFORMATION_FORMAT = "dwarf-with-dsym";
				DEVELOPMENT_TEAM = 4HVP45GV3U;
				ENABLE_NS_ASSERTIONS = NO;
				ENABLE_STRICT_OBJC_MSGSEND = YES;
				ENABLE_USER_SCRIPT_SANDBOXING = YES;
				GCC_C_LANGUAGE_STANDARD = gnu17;
				GCC_NO_COMMON_BLOCKS = YES;
				GCC_WARN_64_TO_32_BIT_CONVERSION = YES;
				GCC_WARN_ABOUT_RETURN_TYPE = YES_ERROR;
				GCC_WARN_UNDECLARED_SELECTOR = YES;
				GCC_WARN_UNINITIALIZED_AUTOS = YES_AGGRESSIVE;
				GCC_WARN_UNUSED_FUNCTION = YES;
				GCC_WARN_UNUSED_VARIABLE = YES;
				LOCALIZATION_PREFERS_STRING_CATALOGS = YES;
				MTL_ENABLE_DEBUG_INFO = NO;
				MTL_FAST_MATH = YES;
				SWIFT_COMPILATION_MODE = wholemodule;
			};
			name = Release;
		};
		F71EBAC82F7B181300FDC9C2 /* Debug */ = {
			isa = XCBuildConfiguration;
			buildSettings = {
				ASSETCATALOG_COMPILER_APPICON_NAME = AppIcon;
				ASSETCATALOG_COMPILER_GLOBAL_ACCENT_COLOR_NAME = AccentColor;
				CODE_SIGN_STYLE = Automatic;
				CURRENT_PROJECT_VERSION = 1;
				DEVELOPMENT_TEAM = 4HVP45GV3U;
					ENABLE_APP_SANDBOX = YES;
					"ENABLE_APP_SANDBOX[sdk=macosx*]" = NO;
				ENABLE_HARDENED_RUNTIME = YES;
				ENABLE_PREVIEWS = YES;
				ENABLE_USER_SCRIPT_SANDBOXING = NO;
					ENABLE_USER_SELECTED_FILES = readonly;
					"ENABLE_USER_SELECTED_FILES[sdk=macosx*]" = NO;
				GENERATE_INFOPLIST_FILE = YES;
				"INFOPLIST_KEY_UIApplicationSceneManifest_Generation[sdk=iphoneos*]" = YES;
				"INFOPLIST_KEY_UIApplicationSceneManifest_Generation[sdk=iphonesimulator*]" = YES;
				"INFOPLIST_KEY_UIApplicationSupportsIndirectInputEvents[sdk=iphoneos*]" = YES;
				"INFOPLIST_KEY_UIApplicationSupportsIndirectInputEvents[sdk=iphonesimulator*]" = YES;
				"INFOPLIST_KEY_UILaunchScreen_Generation[sdk=iphoneos*]" = YES;
				"INFOPLIST_KEY_UILaunchScreen_Generation[sdk=iphonesimulator*]" = YES;
				"INFOPLIST_KEY_UIStatusBarStyle[sdk=iphoneos*]" = UIStatusBarStyleDefault;
				"INFOPLIST_KEY_UIStatusBarStyle[sdk=iphonesimulator*]" = UIStatusBarStyleDefault;
				INFOPLIST_KEY_UISupportedInterfaceOrientations_iPad = "UIInterfaceOrientationPortrait UIInterfaceOrientationPortraitUpsideDown UIInterfaceOrientationLandscapeLeft UIInterfaceOrientationLandscapeRight";
				INFOPLIST_KEY_UISupportedInterfaceOrientations_iPhone = "UIInterfaceOrientationPortrait UIInterfaceOrientationLandscapeLeft UIInterfaceOrientationLandscapeRight";
				IPHONEOS_DEPLOYMENT_TARGET = 26.4;
				LD_RUNPATH_SEARCH_PATHS = "@executable_path/Frameworks";
				"LD_RUNPATH_SEARCH_PATHS[sdk=macosx*]" = "@executable_path/../Frameworks";
				MACOSX_DEPLOYMENT_TARGET = 26.4;
				MARKETING_VERSION = 1.0;
				PRODUCT_BUNDLE_IDENTIFIER = org.bozuk.MorphoVu;
				PRODUCT_NAME = "$(TARGET_NAME)";
				REGISTER_APP_GROUPS = YES;
				SDKROOT = auto;
				STRING_CATALOG_GENERATE_SYMBOLS = YES;
				SUPPORTED_PLATFORMS = "iphoneos iphonesimulator macosx xros xrsimulator";
				SWIFT_APPROACHABLE_CONCURRENCY = YES;
				SWIFT_DEFAULT_ACTOR_ISOLATION = MainActor;
				SWIFT_EMIT_LOC_STRINGS = YES;
				SWIFT_OBJC_INTEROP_MODE = objcxx;
				SWIFT_UPCOMING_FEATURE_MEMBER_IMPORT_VISIBILITY = YES;
				SWIFT_VERSION = 5.0;
				TARGETED_DEVICE_FAMILY = "1,2,7";
				XROS_DEPLOYMENT_TARGET = 26.4;
			};
			name = Debug;
		};
		F71EBAC92F7B181300FDC9C2 /* Release */ = {
			isa = XCBuildConfiguration;
			buildSettings = {
				ASSETCATALOG_COMPILER_APPICON_NAME = AppIcon;
				ASSETCATALOG_COMPILER_GLOBAL_ACCENT_COLOR_NAME = AccentColor;
				CODE_SIGN_STYLE = Automatic;
				CURRENT_PROJECT_VERSION = 1;
				DEVELOPMENT_TEAM = 4HVP45GV3U;
				ENABLE_APP_SANDBOX = YES;
				ENABLE_HARDENED_RUNTIME = YES;
				ENABLE_PREVIEWS = YES;
				ENABLE_USER_SCRIPT_SANDBOXING = NO;
				ENABLE_USER_SELECTED_FILES = readonly;
				GENERATE_INFOPLIST_FILE = YES;
				"INFOPLIST_KEY_UIApplicationSceneManifest_Generation[sdk=iphoneos*]" = YES;
				"INFOPLIST_KEY_UIApplicationSceneManifest_Generation[sdk=iphonesimulator*]" = YES;
				"INFOPLIST_KEY_UIApplicationSupportsIndirectInputEvents[sdk=iphoneos*]" = YES;
				"INFOPLIST_KEY_UIApplicationSupportsIndirectInputEvents[sdk=iphonesimulator*]" = YES;
				"INFOPLIST_KEY_UILaunchScreen_Generation[sdk=iphoneos*]" = YES;
				"INFOPLIST_KEY_UILaunchScreen_Generation[sdk=iphonesimulator*]" = YES;
				"INFOPLIST_KEY_UIStatusBarStyle[sdk=iphoneos*]" = UIStatusBarStyleDefault;
				"INFOPLIST_KEY_UIStatusBarStyle[sdk=iphonesimulator*]" = UIStatusBarStyleDefault;
				INFOPLIST_KEY_UISupportedInterfaceOrientations_iPad = "UIInterfaceOrientationPortrait UIInterfaceOrientationPortraitUpsideDown UIInterfaceOrientationLandscapeLeft UIInterfaceOrientationLandscapeRight";
				INFOPLIST_KEY_UISupportedInterfaceOrientations_iPhone = "UIInterfaceOrientationPortrait UIInterfaceOrientationLandscapeLeft UIInterfaceOrientationLandscapeRight";
				IPHONEOS_DEPLOYMENT_TARGET = 26.4;
				LD_RUNPATH_SEARCH_PATHS = "@executable_path/Frameworks";
				"LD_RUNPATH_SEARCH_PATHS[sdk=macosx*]" = "@executable_path/../Frameworks";
				MACOSX_DEPLOYMENT_TARGET = 26.4;
				MARKETING_VERSION = 1.0;
				PRODUCT_BUNDLE_IDENTIFIER = org.bozuk.MorphoVu;
				PRODUCT_NAME = "$(TARGET_NAME)";
				REGISTER_APP_GROUPS = YES;
				SDKROOT = auto;
				STRING_CATALOG_GENERATE_SYMBOLS = YES;
				SUPPORTED_PLATFORMS = "iphoneos iphonesimulator macosx xros xrsimulator";
				SWIFT_APPROACHABLE_CONCURRENCY = YES;
				SWIFT_DEFAULT_ACTOR_ISOLATION = MainActor;
				SWIFT_EMIT_LOC_STRINGS = YES;
				SWIFT_OBJC_INTEROP_MODE = objcxx;
				SWIFT_UPCOMING_FEATURE_MEMBER_IMPORT_VISIBILITY = YES;
				SWIFT_VERSION = 5.0;
				TARGETED_DEVICE_FAMILY = "1,2,7";
				XROS_DEPLOYMENT_TARGET = 26.4;
			};
			name = Release;
		};
		F71EBACB2F7B181300FDC9C2 /* Debug */ = {
			isa = XCBuildConfiguration;
			buildSettings = {
				BUNDLE_LOADER = "$(TEST_HOST)";
				CODE_SIGN_STYLE = Automatic;
				CURRENT_PROJECT_VERSION = 1;
				DEVELOPMENT_TEAM = 4HVP45GV3U;
				GENERATE_INFOPLIST_FILE = YES;
				IPHONEOS_DEPLOYMENT_TARGET = 26.4;
				MACOSX_DEPLOYMENT_TARGET = 26.4;
				MARKETING_VERSION = 1.0;
				PRODUCT_BUNDLE_IDENTIFIER = org.bozuk.MorphoVuTests;
				PRODUCT_NAME = "$(TARGET_NAME)";
				SDKROOT = auto;
				STRING_CATALOG_GENERATE_SYMBOLS = NO;
				SUPPORTED_PLATFORMS = "iphoneos iphonesimulator macosx xros xrsimulator";
				SWIFT_APPROACHABLE_CONCURRENCY = YES;
				SWIFT_EMIT_LOC_STRINGS = NO;
				SWIFT_OBJC_INTEROP_MODE = objcxx;
				SWIFT_UPCOMING_FEATURE_MEMBER_IMPORT_VISIBILITY = YES;
				SWIFT_VERSION = 5.0;
				TARGETED_DEVICE_FAMILY = "1,2,7";
				TEST_HOST = "$(BUILT_PRODUCTS_DIR)/MorphoVu.app/$(BUNDLE_EXECUTABLE_FOLDER_PATH)/MorphoVu";
				XROS_DEPLOYMENT_TARGET = 26.4;
			};
			name = Debug;
		};
		F71EBACC2F7B181300FDC9C2 /* Release */ = {
			isa = XCBuildConfiguration;
			buildSettings = {
				BUNDLE_LOADER = "$(TEST_HOST)";
				CODE_SIGN_STYLE = Automatic;
				CURRENT_PROJECT_VERSION = 1;
				DEVELOPMENT_TEAM = 4HVP45GV3U;
				GENERATE_INFOPLIST_FILE = YES;
				IPHONEOS_DEPLOYMENT_TARGET = 26.4;
				MACOSX_DEPLOYMENT_TARGET = 26.4;
				MARKETING_VERSION = 1.0;
				PRODUCT_BUNDLE_IDENTIFIER = org.bozuk.MorphoVuTests;
				PRODUCT_NAME = "$(TARGET_NAME)";
				SDKROOT = auto;
				STRING_CATALOG_GENERATE_SYMBOLS = NO;
				SUPPORTED_PLATFORMS = "iphoneos iphonesimulator macosx xros xrsimulator";
				SWIFT_APPROACHABLE_CONCURRENCY = YES;
				SWIFT_EMIT_LOC_STRINGS = NO;
				SWIFT_OBJC_INTEROP_MODE = objcxx;
				SWIFT_UPCOMING_FEATURE_MEMBER_IMPORT_VISIBILITY = YES;
				SWIFT_VERSION = 5.0;
				TARGETED_DEVICE_FAMILY = "1,2,7";
				TEST_HOST = "$(BUILT_PRODUCTS_DIR)/MorphoVu.app/$(BUNDLE_EXECUTABLE_FOLDER_PATH)/MorphoVu";
				XROS_DEPLOYMENT_TARGET = 26.4;
			};
			name = Release;
		};
		F71EBACE2F7B181300FDC9C2 /* Debug */ = {
			isa = XCBuildConfiguration;
			buildSettings = {
				CODE_SIGN_STYLE = Automatic;
				CURRENT_PROJECT_VERSION = 1;
				DEVELOPMENT_TEAM = 4HVP45GV3U;
				GENERATE_INFOPLIST_FILE = YES;
				IPHONEOS_DEPLOYMENT_TARGET = 26.4;
				MACOSX_DEPLOYMENT_TARGET = 26.4;
				MARKETING_VERSION = 1.0;
				PRODUCT_BUNDLE_IDENTIFIER = org.bozuk.MorphoVuUITests;
				PRODUCT_NAME = "$(TARGET_NAME)";
				SDKROOT = auto;
				STRING_CATALOG_GENERATE_SYMBOLS = NO;
				SUPPORTED_PLATFORMS = "iphoneos iphonesimulator macosx xros xrsimulator";
				SWIFT_APPROACHABLE_CONCURRENCY = YES;
				SWIFT_EMIT_LOC_STRINGS = NO;
				SWIFT_OBJC_INTEROP_MODE = objcxx;
				SWIFT_UPCOMING_FEATURE_MEMBER_IMPORT_VISIBILITY = YES;
				SWIFT_VERSION = 5.0;
				TARGETED_DEVICE_FAMILY = "1,2,7";
				TEST_TARGET_NAME = MorphoVu;
				XROS_DEPLOYMENT_TARGET = 26.4;
			};
			name = Debug;
		};
		F71EBACF2F7B181300FDC9C2 /* Release */ = {
			isa = XCBuildConfiguration;
			buildSettings = {
				CODE_SIGN_STYLE = Automatic;
				CURRENT_PROJECT_VERSION = 1;
				DEVELOPMENT_TEAM = 4HVP45GV3U;
				GENERATE_INFOPLIST_FILE = YES;
				IPHONEOS_DEPLOYMENT_TARGET = 26.4;
				MACOSX_DEPLOYMENT_TARGET = 26.4;
				MARKETING_VERSION = 1.0;
				PRODUCT_BUNDLE_IDENTIFIER = org.bozuk.MorphoVuUITests;
				PRODUCT_NAME = "$(TARGET_NAME)";
				SDKROOT = auto;
				STRING_CATALOG_GENERATE_SYMBOLS = NO;
				SUPPORTED_PLATFORMS = "iphoneos iphonesimulator macosx xros xrsimulator";
				SWIFT_APPROACHABLE_CONCURRENCY = YES;
				SWIFT_EMIT_LOC_STRINGS = NO;
				SWIFT_OBJC_INTEROP_MODE = objcxx;
				SWIFT_UPCOMING_FEATURE_MEMBER_IMPORT_VISIBILITY = YES;
				SWIFT_VERSION = 5.0;
				TARGETED_DEVICE_FAMILY = "1,2,7";
				TEST_TARGET_NAME = MorphoVu;
				XROS_DEPLOYMENT_TARGET = 26.4;
			};
			name = Release;
		};
/* End XCBuildConfiguration section */

/* Begin XCConfigurationList section */
		F71EBAA12F7B181100FDC9C2 /* Build configuration list for PBXProject "MorphoVu" */ = {
			isa = XCConfigurationList;
			buildConfigurations = (
				F71EBAC52F7B181300FDC9C2 /* Debug */,
				F71EBAC62F7B181300FDC9C2 /* Release */,
			);
			defaultConfigurationIsVisible = 0;
			defaultConfigurationName = Release;
		};
		F71EBAC72F7B181300FDC9C2 /* Build configuration list for PBXNativeTarget "MorphoVu" */ = {
			isa = XCConfigurationList;
			buildConfigurations = (
				F71EBAC82F7B181300FDC9C2 /* Debug */,
				F71EBAC92F7B181300FDC9C2 /* Release */,
			);
			defaultConfigurationIsVisible = 0;
			defaultConfigurationName = Release;
		};
		F71EBACA2F7B181300FDC9C2 /* Build configuration list for PBXNativeTarget "MorphoVuTests" */ = {
			isa = XCConfigurationList;
			buildConfigurations = (
				F71EBACB2F7B181300FDC9C2 /* Debug */,
				F71EBACC2F7B181300FDC9C2 /* Release */,
			);
			defaultConfigurationIsVisible = 0;
			defaultConfigurationName = Release;
		};
		F71EBACD2F7B181300FDC9C2 /* Build configuration list for PBXNativeTarget "MorphoVuUITests" */ = {
			isa = XCConfigurationList;
			buildConfigurations = (
				F71EBACE2F7B181300FDC9C2 /* Debug */,
				F71EBACF2F7B181300FDC9C2 /* Release */,
			);
			defaultConfigurationIsVisible = 0;
			defaultConfigurationName = Release;
		};
/* End XCConfigurationList section */

/* Begin XCLocalSwiftPackageReference section */
		B30000000000000000000001 /* XCLocalSwiftPackageReference "../../Packages/LispPadCore" */ = {
			isa = XCLocalSwiftPackageReference;
			relativePath = ../../Packages/LispPadCore;
		};
		B30000000000000000000002 /* XCLocalSwiftPackageReference "../../Packages/ManifoldCore" */ = {
			isa = XCLocalSwiftPackageReference;
			relativePath = ../../Packages/ManifoldCore;
		};
		B30000000000000000000003 /* XCLocalSwiftPackageReference "../../Packages/TektonParsers" */ = {
			isa = XCLocalSwiftPackageReference;
			relativePath = ../../Packages/TektonParsers;
		};
		B30000000000000000000004 /* XCLocalSwiftPackageReference "../../Packages/CPPSymEngine" */ = {
			isa = XCLocalSwiftPackageReference;
			relativePath = ../../Packages/CPPSymEngine;
		};
/* End XCLocalSwiftPackageReference section */

/* Begin XCSwiftPackageProductDependency section */
		B40000000000000000000001 /* LispPadCore */ = {
			isa = XCSwiftPackageProductDependency;
			package = B30000000000000000000001 /* XCLocalSwiftPackageReference "../../Packages/LispPadCore" */;
			productName = LispPadCore;
		};
		B40000000000000000000002 /* ManifoldKit */ = {
			isa = XCSwiftPackageProductDependency;
			package = B30000000000000000000002 /* XCLocalSwiftPackageReference "../../Packages/ManifoldCore" */;
			productName = ManifoldKit;
		};
		B40000000000000000000003 /* TektonParsers */ = {
			isa = XCSwiftPackageProductDependency;
			package = B30000000000000000000003 /* XCLocalSwiftPackageReference "../../Packages/TektonParsers" */;
			productName = TektonParsers;
		};
		B40000000000000000000004 /* CPPSymEngine */ = {
			isa = XCSwiftPackageProductDependency;
			package = B30000000000000000000004 /* XCLocalSwiftPackageReference "../../Packages/CPPSymEngine" */;
			productName = CPPSymEngine;
		};
/* End XCSwiftPackageProductDependency section */
	};
	rootObject = F71EBA9E2F7B181100FDC9C2 /* Project object */;
}
